
Microsoft Visual Studio Solution File, Format Version 12.00
# Visual Studio Version 17
VisualStudioVersion = 17.5.33414.496
MinimumVisualStudioVersion = 10.0.40219.1
Project("{FAE04EC0-301F-11D3-BF4B-00C04F79EFBC}") = "ConsoleApp5", "ConsoleApp5\ConsoleApp5.csproj", "{5726CEE4-D582-4CA8-A8E8-F7FF23BD20B4}"
EndProject
Global
	GlobalSection(SolutionConfigurationPlatforms) = preSolution
		Debug|Any CPU = Debug|Any CPU
		Release|Any CPU = Release|Any CPU
	EndGlobalSection
	GlobalSection(ProjectConfigurationPlatforms) = postSolution
		{5726CEE4-D582-4CA8-A8E8-F7FF23BD20B4}.Debug|Any CPU.ActiveCfg = Debug|Any CPU
		{5726CEE4-D582-4CA8-A8E8-F7FF23BD20B4}.Debug|Any CPU.Build.0 = Debug|Any CPU
		{5726CEE4-D582-4CA8-A8E8-F7FF23BD20B4}.Release|Any CPU.ActiveCfg = Release|Any CPU
		{5726CEE4-D582-4CA8-A8E8-F7FF23BD20B4}.Release|Any CPU.Build.0 = Release|Any CPU
	EndGlobalSection
	GlobalSection(SolutionProperties) = preSolution
		HideSolutionNode = FALSE
	EndGlobalSection
	GlobalSection(ExtensibilityGlobals) = postSolution
		SolutionGuid = {A9A7C516-2263-4412-816C-D6FDD75EA894}
	EndGlobalSection
EndGlobal
